
Microsoft Visual Studio Solution File, Format Version 12.00
# Visual Studio Version 17
VisualStudioVersion = 17.10.34916.146
MinimumVisualStudioVersion = 10.0.40219.1
Project("{9A19103F-16F7-4668-BE54-9A1E7A4F7556}") = "SocialEmpires", "SocialEmpires.csproj", "{A9A46086-6BF0-4B0E-AB49-0CED3872D930}"
EndProject
Global
	GlobalSection(SolutionConfigurationPlatforms) = preSolution
		Debug|Any CPU = Debug|Any CPU
		Release|Any CPU = Release|Any CPU
	EndGlobalSection
	GlobalSection(ProjectConfigurationPlatforms) = postSolution
		{A9A46086-6BF0-4B0E-AB49-0CED3872D930}.Debug|Any CPU.ActiveCfg = Debug|Any CPU
		{A9A46086-6BF0-4B0E-AB49-0CED3872D930}.Debug|Any CPU.Build.0 = Debug|Any CPU
		{A9A46086-6BF0-4B0E-AB49-0CED3872D930}.Release|Any CPU.ActiveCfg = Release|Any CPU
		{A9A46086-6BF0-4B0E-AB49-0CED3872D930}.Release|Any CPU.Build.0 = Release|Any CPU
	EndGlobalSection
	GlobalSection(SolutionProperties) = preSolution
		HideSolutionNode = FALSE
	EndGlobalSection
	GlobalSection(ExtensibilityGlobals) = postSolution
		SolutionGuid = {71FB88F5-FC8C-41C2-BC2F-27EF56144577}
	EndGlobalSection
EndGlobal
