
Microsoft Visual Studio Solution File, Format Version 12.00
# Visual Studio Version 17
VisualStudioVersion = 17.10.34916.146
MinimumVisualStudioVersion = 10.0.40219.1
Project("{FAE04EC0-301F-11D3-BF4B-00C04F79EFBC}") = "SocialEmpires", "SocialEmpires.csproj", "{A27FC806-273F-4334-B3ED-80CC61E124F6}"
EndProject
Global
	GlobalSection(SolutionConfigurationPlatforms) = preSolution
		Debug|Any CPU = Debug|Any CPU
		Release|Any CPU = Release|Any CPU
	EndGlobalSection
	GlobalSection(ProjectConfigurationPlatforms) = postSolution
		{A27FC806-273F-4334-B3ED-80CC61E124F6}.Debug|Any CPU.ActiveCfg = Debug|Any CPU
		{A27FC806-273F-4334-B3ED-80CC61E124F6}.Debug|Any CPU.Build.0 = Debug|Any CPU
		{A27FC806-273F-4334-B3ED-80CC61E124F6}.Release|Any CPU.ActiveCfg = Release|Any CPU
		{A27FC806-273F-4334-B3ED-80CC61E124F6}.Release|Any CPU.Build.0 = Release|Any CPU
	EndGlobalSection
	GlobalSection(SolutionProperties) = preSolution
		HideSolutionNode = FALSE
	EndGlobalSection
	GlobalSection(ExtensibilityGlobals) = postSolution
		SolutionGuid = {197BA34F-5C41-42FA-BC69-E839A092AD35}
	EndGlobalSection
EndGlobal
